schema: '2.0'
stages:
  get_data:
    cmd: python scripts/data.py
    deps:
    - path: scripts/data.py
      hash: md5
      md5: b02e34a0711fa45de9719bb3e962af1a
      size: 1476
    params:
      params.yaml:
        index_col: customer_id
    outs:
    - path: data/initial_data.csv
      hash: md5
      md5: 6697ae9f4f5405b281ab612658a11a63
      size: 824765
      cloud:
        my_storage:
          etag: 6697ae9f4f5405b281ab612658a11a63
          version_id: 00064F8748B4B6CC
  fit_model:
    cmd: python scripts/fit.py
    deps:
    - path: data/initial_data.csv
      hash: md5
      md5: 6697ae9f4f5405b281ab612658a11a63
      size: 824765
    - path: scripts/fit.py
      hash: md5
      md5: e834be13c3274e63a190cdfd0955c444
      size: 1668
    params:
      params.yaml:
        C: 1
        index_col: customer_id
        one_hot_drop: if_binary
        penalty: l2
        target_col: target
    outs:
    - path: models/fitted_model.pkl
      hash: md5
      md5: 6f6cbad67556aef18450e208359dd4b0
      size: 11022
  evaluate_model:
    cmd: python scripts/evaluate.py
    deps:
    - path: models/fitted_model.pkl
      hash: md5
      md5: 6f6cbad67556aef18450e208359dd4b0
      size: 11022
    - path: scripts/evaluate.py
      hash: md5
      md5: 1cb0575c0e1de16c1dc9cc7163f83a74
      size: 1346
    params:
      params.yaml:
        index_col: customer_id
        metrics:
        - f1
        - roc_auc
        n_jobs: -1
        n_splits: 5
        target_col: target
    outs:
    - path: cv_results/cv_res.json
      hash: md5
      md5: f76dd2624248584aefaf2aa2fa4853d2
      size: 77
